
Microsoft Visual Studio Solution File, Format Version 12.00
# Visual Studio Version 17
VisualStudioVersion = 17.5.33424.131
MinimumVisualStudioVersion = 10.0.40219.1
Project("{8BC9CEB8-8B4A-11D0-8D11-00A0C91BC942}") = "002._Pointer", "002._Pointer\002._Pointer.vcxproj", "{03CEA85F-08F3-41D7-A3CB-14DD58D59362}"
EndProject
Project("{8BC9CEB8-8B4A-11D0-8D11-00A0C91BC942}") = "Pointer2", "Pointer2\Pointer2.vcxproj", "{7F409CB0-8A11-4E80-9C54-C1936181B7E1}"
EndProject
Project("{8BC9CEB8-8B4A-11D0-8D11-00A0C91BC942}") = "friend class", "friend class\friend class.vcxproj", "{087767AD-37DE-485F-9C5D-774F950F16E4}"
EndProject
Project("{8BC9CEB8-8B4A-11D0-8D11-00A0C91BC942}") = "friend class 2", "friend class 2\friend class 2.vcxproj", "{67903284-0F2E-4D34-93D2-C839F7E9FAA2}"
EndProject
Global
	GlobalSection(SolutionConfigurationPlatforms) = preSolution
		Debug|x64 = Debug|x64
		Debug|x86 = Debug|x86
		Release|x64 = Release|x64
		Release|x86 = Release|x86
	EndGlobalSection
	GlobalSection(ProjectConfigurationPlatforms) = postSolution
		{03CEA85F-08F3-41D7-A3CB-14DD58D59362}.Debug|x64.ActiveCfg = Debug|x64
		{03CEA85F-08F3-41D7-A3CB-14DD58D59362}.Debug|x64.Build.0 = Debug|x64
		{03CEA85F-08F3-41D7-A3CB-14DD58D59362}.Debug|x86.ActiveCfg = Debug|Win32
		{03CEA85F-08F3-41D7-A3CB-14DD58D59362}.Debug|x86.Build.0 = Debug|Win32
		{03CEA85F-08F3-41D7-A3CB-14DD58D59362}.Release|x64.ActiveCfg = Release|x64
		{03CEA85F-08F3-41D7-A3CB-14DD58D59362}.Release|x64.Build.0 = Release|x64
		{03CEA85F-08F3-41D7-A3CB-14DD58D59362}.Release|x86.ActiveCfg = Release|Win32
		{03CEA85F-08F3-41D7-A3CB-14DD58D59362}.Release|x86.Build.0 = Release|Win32
		{7F409CB0-8A11-4E80-9C54-C1936181B7E1}.Debug|x64.ActiveCfg = Debug|x64
		{7F409CB0-8A11-4E80-9C54-C1936181B7E1}.Debug|x64.Build.0 = Debug|x64
		{7F409CB0-8A11-4E80-9C54-C1936181B7E1}.Debug|x86.ActiveCfg = Debug|Win32
		{7F409CB0-8A11-4E80-9C54-C1936181B7E1}.Debug|x86.Build.0 = Debug|Win32
		{7F409CB0-8A11-4E80-9C54-C1936181B7E1}.Release|x64.ActiveCfg = Release|x64
		{7F409CB0-8A11-4E80-9C54-C1936181B7E1}.Release|x64.Build.0 = Release|x64
		{7F409CB0-8A11-4E80-9C54-C1936181B7E1}.Release|x86.ActiveCfg = Release|Win32
		{7F409CB0-8A11-4E80-9C54-C1936181B7E1}.Release|x86.Build.0 = Release|Win32
		{087767AD-37DE-485F-9C5D-774F950F16E4}.Debug|x64.ActiveCfg = Debug|x64
		{087767AD-37DE-485F-9C5D-774F950F16E4}.Debug|x64.Build.0 = Debug|x64
		{087767AD-37DE-485F-9C5D-774F950F16E4}.Debug|x86.ActiveCfg = Debug|Win32
		{087767AD-37DE-485F-9C5D-774F950F16E4}.Debug|x86.Build.0 = Debug|Win32
		{087767AD-37DE-485F-9C5D-774F950F16E4}.Release|x64.ActiveCfg = Release|x64
		{087767AD-37DE-485F-9C5D-774F950F16E4}.Release|x64.Build.0 = Release|x64
		{087767AD-37DE-485F-9C5D-774F950F16E4}.Release|x86.ActiveCfg = Release|Win32
		{087767AD-37DE-485F-9C5D-774F950F16E4}.Release|x86.Build.0 = Release|Win32
		{67903284-0F2E-4D34-93D2-C839F7E9FAA2}.Debug|x64.ActiveCfg = Debug|x64
		{67903284-0F2E-4D34-93D2-C839F7E9FAA2}.Debug|x64.Build.0 = Debug|x64
		{67903284-0F2E-4D34-93D2-C839F7E9FAA2}.Debug|x86.ActiveCfg = Debug|Win32
		{67903284-0F2E-4D34-93D2-C839F7E9FAA2}.Debug|x86.Build.0 = Debug|Win32
		{67903284-0F2E-4D34-93D2-C839F7E9FAA2}.Release|x64.ActiveCfg = Release|x64
		{67903284-0F2E-4D34-93D2-C839F7E9FAA2}.Release|x64.Build.0 = Release|x64
		{67903284-0F2E-4D34-93D2-C839F7E9FAA2}.Release|x86.ActiveCfg = Release|Win32
		{67903284-0F2E-4D34-93D2-C839F7E9FAA2}.Release|x86.Build.0 = Release|Win32
	EndGlobalSection
	GlobalSection(SolutionProperties) = preSolution
		HideSolutionNode = FALSE
	EndGlobalSection
	GlobalSection(ExtensibilityGlobals) = postSolution
		SolutionGuid = {6DA5E5E4-3CAF-4CFE-8812-6D79D61AB1B1}
	EndGlobalSection
EndGlobal
